// !$*UTF8*$!
{
	archiveVersion = 1;
	classes = {};
	objectVersion = 77;
	objects = {

/* Begin PBXBuildFile section */
		A00000000000000000000101 /* DogGoApp.swift in Sources */ = {isa = PBXBuildFile; fileRef = A00000000000000000000001; };
		A00000000000000000000102 /* RootView.swift in Sources */ = {isa = PBXBuildFile; fileRef = A00000000000000000000002; };
		A00000000000000000000103 /* ProductPromiseView.swift in Sources */ = {isa = PBXBuildFile; fileRef = A00000000000000000000003; };
		A00000000000000000000104 /* HomeFoundationView.swift in Sources */ = {isa = PBXBuildFile; fileRef = A00000000000000000000004; };
		A00000000000000000000105 /* DogProfile.swift in Sources */ = {isa = PBXBuildFile; fileRef = A00000000000000000000005; };
		A00000000000000000000106 /* DogGoTheme.swift in Sources */ = {isa = PBXBuildFile; fileRef = A00000000000000000000006; };
		A00000000000000000000107 /* Assets.xcassets in Resources */ = {isa = PBXBuildFile; fileRef = A00000000000000000000007; };
		A00000000000000000000108 /* DogProfileTests.swift in Sources */ = {isa = PBXBuildFile; fileRef = A00000000000000000000008; };
		A00000000000000000000109 /* DogState.swift in Sources */ = {isa = PBXBuildFile; fileRef = A00000000000000000000011; };
		A00000000000000000000110 /* LifeEventRecord.swift in Sources */ = {isa = PBXBuildFile; fileRef = A00000000000000000000012; };
		A00000000000000000000111 /* MemoryRecord.swift in Sources */ = {isa = PBXBuildFile; fileRef = A00000000000000000000013; };
		A00000000000000000000112 /* Relationship.swift in Sources */ = {isa = PBXBuildFile; fileRef = A00000000000000000000014; };
		A00000000000000000000113 /* EventDefinition.swift in Sources */ = {isa = PBXBuildFile; fileRef = A00000000000000000000015; };
		A00000000000000000000114 /* EventCatalog.swift in Sources */ = {isa = PBXBuildFile; fileRef = A00000000000000000000016; };
		A00000000000000000000115 /* m0-events.json in Resources */ = {isa = PBXBuildFile; fileRef = A00000000000000000000017; };
		A00000000000000000000116 /* EventCatalogTests.swift in Sources */ = {isa = PBXBuildFile; fileRef = A00000000000000000000018; };
		A00000000000000000000117 /* Clock.swift in Sources */ = {isa = PBXBuildFile; fileRef = A00000000000000000000019; };
		A00000000000000000000118 /* SeededRandomSource.swift in Sources */ = {isa = PBXBuildFile; fileRef = A00000000000000000000020; };
		A00000000000000000000119 /* EventSelection.swift in Sources */ = {isa = PBXBuildFile; fileRef = A00000000000000000000021; };
		A00000000000000000000120 /* LifeEventSelectorTests.swift in Sources */ = {isa = PBXBuildFile; fileRef = A00000000000000000000022; };
		A00000000000000000000121 /* DogNameValidator.swift in Sources */ = {isa = PBXBuildFile; fileRef = A00000000000000000000023; };
		A00000000000000000000122 /* AdoptionService.swift in Sources */ = {isa = PBXBuildFile; fileRef = A00000000000000000000024; };
		A00000000000000000000123 /* AdoptionView.swift in Sources */ = {isa = PBXBuildFile; fileRef = A00000000000000000000025; };
		A00000000000000000000124 /* AdoptionServiceTests.swift in Sources */ = {isa = PBXBuildFile; fileRef = A00000000000000000000026; };
/* End PBXBuildFile section */

/* Begin PBXContainerItemProxy section */
		A00000000000000000000201 /* PBXContainerItemProxy */ = {
			isa = PBXContainerItemProxy;
			containerPortal = A00000000000000000000301 /* Project object */;
			proxyType = 1;
			remoteGlobalIDString = A00000000000000000000401;
			remoteInfo = DogGo;
		};
/* End PBXContainerItemProxy section */

/* Begin PBXFileReference section */
		A00000000000000000000001 /* DogGoApp.swift */ = {isa = PBXFileReference; lastKnownFileType = sourcecode.swift; path = DogGoApp.swift; sourceTree = "<group>"; };
		A00000000000000000000002 /* RootView.swift */ = {isa = PBXFileReference; lastKnownFileType = sourcecode.swift; path = RootView.swift; sourceTree = "<group>"; };
		A00000000000000000000003 /* ProductPromiseView.swift */ = {isa = PBXFileReference; lastKnownFileType = sourcecode.swift; path = ProductPromiseView.swift; sourceTree = "<group>"; };
		A00000000000000000000004 /* HomeFoundationView.swift */ = {isa = PBXFileReference; lastKnownFileType = sourcecode.swift; path = HomeFoundationView.swift; sourceTree = "<group>"; };
		A00000000000000000000005 /* DogProfile.swift */ = {isa = PBXFileReference; lastKnownFileType = sourcecode.swift; path = DogProfile.swift; sourceTree = "<group>"; };
		A00000000000000000000006 /* DogGoTheme.swift */ = {isa = PBXFileReference; lastKnownFileType = sourcecode.swift; path = DogGoTheme.swift; sourceTree = "<group>"; };
		A00000000000000000000007 /* Assets.xcassets */ = {isa = PBXFileReference; lastKnownFileType = folder.assetcatalog; path = Resources/Assets.xcassets; sourceTree = "<group>"; };
		A00000000000000000000008 /* DogProfileTests.swift */ = {isa = PBXFileReference; lastKnownFileType = sourcecode.swift; path = DogProfileTests.swift; sourceTree = "<group>"; };
		A00000000000000000000009 /* DogGo.app */ = {isa = PBXFileReference; explicitFileType = wrapper.application; includeInIndex = 0; path = DogGo.app; sourceTree = BUILT_PRODUCTS_DIR; };
		A00000000000000000000010 /* DogGoTests.xctest */ = {isa = PBXFileReference; explicitFileType = wrapper.cfbundle; includeInIndex = 0; path = DogGoTests.xctest; sourceTree = BUILT_PRODUCTS_DIR; };
		A00000000000000000000011 /* DogState.swift */ = {isa = PBXFileReference; lastKnownFileType = sourcecode.swift; path = DogState.swift; sourceTree = "<group>"; };
		A00000000000000000000012 /* LifeEventRecord.swift */ = {isa = PBXFileReference; lastKnownFileType = sourcecode.swift; path = LifeEventRecord.swift; sourceTree = "<group>"; };
		A00000000000000000000013 /* MemoryRecord.swift */ = {isa = PBXFileReference; lastKnownFileType = sourcecode.swift; path = MemoryRecord.swift; sourceTree = "<group>"; };
		A00000000000000000000014 /* Relationship.swift */ = {isa = PBXFileReference; lastKnownFileType = sourcecode.swift; path = Relationship.swift; sourceTree = "<group>"; };
		A00000000000000000000015 /* EventDefinition.swift */ = {isa = PBXFileReference; lastKnownFileType = sourcecode.swift; path = EventDefinition.swift; sourceTree = "<group>"; };
		A00000000000000000000016 /* EventCatalog.swift */ = {isa = PBXFileReference; lastKnownFileType = sourcecode.swift; path = EventCatalog.swift; sourceTree = "<group>"; };
		A00000000000000000000017 /* m0-events.json */ = {isa = PBXFileReference; lastKnownFileType = text.json; path = Resources/EventContent/m0-events.json; sourceTree = "<group>"; };
		A00000000000000000000018 /* EventCatalogTests.swift */ = {isa = PBXFileReference; lastKnownFileType = sourcecode.swift; path = EventCatalogTests.swift; sourceTree = "<group>"; };
		A00000000000000000000019 /* Clock.swift */ = {isa = PBXFileReference; lastKnownFileType = sourcecode.swift; path = Clock.swift; sourceTree = "<group>"; };
		A00000000000000000000020 /* SeededRandomSource.swift */ = {isa = PBXFileReference; lastKnownFileType = sourcecode.swift; path = SeededRandomSource.swift; sourceTree = "<group>"; };
		A00000000000000000000021 /* EventSelection.swift */ = {isa = PBXFileReference; lastKnownFileType = sourcecode.swift; path = EventSelection.swift; sourceTree = "<group>"; };
		A00000000000000000000022 /* LifeEventSelectorTests.swift */ = {isa = PBXFileReference; lastKnownFileType = sourcecode.swift; path = LifeEventSelectorTests.swift; sourceTree = "<group>"; };
		A00000000000000000000023 /* DogNameValidator.swift */ = {isa = PBXFileReference; lastKnownFileType = sourcecode.swift; path = DogNameValidator.swift; sourceTree = "<group>"; };
		A00000000000000000000024 /* AdoptionService.swift */ = {isa = PBXFileReference; lastKnownFileType = sourcecode.swift; path = AdoptionService.swift; sourceTree = "<group>"; };
		A00000000000000000000025 /* AdoptionView.swift */ = {isa = PBXFileReference; lastKnownFileType = sourcecode.swift; path = AdoptionView.swift; sourceTree = "<group>"; };
		A00000000000000000000026 /* AdoptionServiceTests.swift */ = {isa = PBXFileReference; lastKnownFileType = sourcecode.swift; path = AdoptionServiceTests.swift; sourceTree = "<group>"; };
/* End PBXFileReference section */

/* Begin PBXFrameworksBuildPhase section */
		A00000000000000000000501 /* Frameworks */ = {isa = PBXFrameworksBuildPhase; buildActionMask = 2147483647; files = (); runOnlyForDeploymentPostprocessing = 0; };
		A00000000000000000000502 /* Frameworks */ = {isa = PBXFrameworksBuildPhase; buildActionMask = 2147483647; files = (); runOnlyForDeploymentPostprocessing = 0; };
/* End PBXFrameworksBuildPhase section */

/* Begin PBXGroup section */
		A00000000000000000000601 = {
			isa = PBXGroup;
			children = (
				A00000000000000000000602 /* DogGo */,
				A00000000000000000000609 /* DogGoTests */,
				A00000000000000000000610 /* Products */,
			);
			sourceTree = "<group>";
		};
		A00000000000000000000602 /* DogGo */ = {
			isa = PBXGroup;
			children = (
				A00000000000000000000001 /* DogGoApp.swift */,
				A00000000000000000000603 /* App */,
				A00000000000000000000604 /* Features */,
				A00000000000000000000607 /* Domain */,
				A00000000000000000000613 /* Data */,
				A00000000000000000000608 /* DesignSystem */,
				A00000000000000000000007 /* Assets.xcassets */,
				A00000000000000000000017 /* m0-events.json */,
			);
			path = DogGo;
			sourceTree = "<group>";
		};
		A00000000000000000000603 /* App */ = {isa = PBXGroup; children = (A00000000000000000000002 /* RootView.swift */,); path = App; sourceTree = "<group>"; };
		A00000000000000000000604 /* Features */ = {isa = PBXGroup; children = (A00000000000000000000605 /* Adoption */, A00000000000000000000606 /* Home */,); path = Features; sourceTree = "<group>"; };
		A00000000000000000000605 /* Adoption */ = {isa = PBXGroup; children = (A00000000000000000000003 /* ProductPromiseView.swift */, A00000000000000000000025 /* AdoptionView.swift */,); path = Adoption; sourceTree = "<group>"; };
		A00000000000000000000606 /* Home */ = {isa = PBXGroup; children = (A00000000000000000000004 /* HomeFoundationView.swift */,); path = Home; sourceTree = "<group>"; };
		A00000000000000000000607 /* Domain */ = {isa = PBXGroup; children = (A00000000000000000000611 /* Models */, A00000000000000000000612 /* LifeEngine */, A00000000000000000000615 /* Adoption */,); path = Domain; sourceTree = "<group>"; };
		A00000000000000000000608 /* DesignSystem */ = {isa = PBXGroup; children = (A00000000000000000000006 /* DogGoTheme.swift */,); path = DesignSystem; sourceTree = "<group>"; };
		A00000000000000000000609 /* DogGoTests */ = {isa = PBXGroup; children = (A00000000000000000000008 /* DogProfileTests.swift */, A00000000000000000000018 /* EventCatalogTests.swift */, A00000000000000000000022 /* LifeEventSelectorTests.swift */, A00000000000000000000026 /* AdoptionServiceTests.swift */,); path = DogGoTests; sourceTree = "<group>"; };
		A00000000000000000000610 /* Products */ = {isa = PBXGroup; children = (A00000000000000000000009 /* DogGo.app */, A00000000000000000000010 /* DogGoTests.xctest */,); name = Products; sourceTree = "<group>"; };
		A00000000000000000000611 /* Models */ = {isa = PBXGroup; children = (A00000000000000000000005 /* DogProfile.swift */, A00000000000000000000011 /* DogState.swift */, A00000000000000000000012 /* LifeEventRecord.swift */, A00000000000000000000013 /* MemoryRecord.swift */, A00000000000000000000014 /* Relationship.swift */,); path = Models; sourceTree = "<group>"; };
		A00000000000000000000612 /* LifeEngine */ = {isa = PBXGroup; children = (A00000000000000000000015 /* EventDefinition.swift */, A00000000000000000000019 /* Clock.swift */, A00000000000000000000020 /* SeededRandomSource.swift */, A00000000000000000000021 /* EventSelection.swift */,); path = LifeEngine; sourceTree = "<group>"; };
		A00000000000000000000613 /* Data */ = {isa = PBXGroup; children = (A00000000000000000000614 /* EventCatalog */,); path = Data; sourceTree = "<group>"; };
		A00000000000000000000614 /* EventCatalog */ = {isa = PBXGroup; children = (A00000000000000000000016 /* EventCatalog.swift */,); path = EventCatalog; sourceTree = "<group>"; };
		A00000000000000000000615 /* Adoption */ = {isa = PBXGroup; children = (A00000000000000000000023 /* DogNameValidator.swift */, A00000000000000000000024 /* AdoptionService.swift */,); path = Adoption; sourceTree = "<group>"; };
/* End PBXGroup section */

/* Begin PBXNativeTarget section */
		A00000000000000000000401 /* DogGo */ = {
			isa = PBXNativeTarget;
			buildConfigurationList = A00000000000000000000701 /* Build configuration list for PBXNativeTarget "DogGo" */;
			buildPhases = (A00000000000000000000801 /* Sources */, A00000000000000000000501 /* Frameworks */, A00000000000000000000901 /* Resources */,);
			buildRules = ();
			dependencies = ();
			name = DogGo;
			productName = DogGo;
			productReference = A00000000000000000000009 /* DogGo.app */;
			productType = "com.apple.product-type.application";
		};
		A00000000000000000000402 /* DogGoTests */ = {
			isa = PBXNativeTarget;
			buildConfigurationList = A00000000000000000000702 /* Build configuration list for PBXNativeTarget "DogGoTests" */;
			buildPhases = (A00000000000000000000802 /* Sources */, A00000000000000000000502 /* Frameworks */, A00000000000000000000902 /* Resources */,);
			buildRules = ();
			dependencies = (A00000000000000000000A01 /* PBXTargetDependency */,);
			name = DogGoTests;
			productName = DogGoTests;
			productReference = A00000000000000000000010 /* DogGoTests.xctest */;
			productType = "com.apple.product-type.bundle.unit-test";
		};
/* End PBXNativeTarget section */

/* Begin PBXProject section */
		A00000000000000000000301 /* Project object */ = {
			isa = PBXProject;
			attributes = {
				BuildIndependentTargetsInParallel = 1;
				LastSwiftUpdateCheck = 2660;
				LastUpgradeCheck = 2660;
				TargetAttributes = {
					A00000000000000000000401 = {CreatedOnToolsVersion = 26.6; };
					A00000000000000000000402 = {CreatedOnToolsVersion = 26.6; TestTargetID = A00000000000000000000401; };
				};
			};
			buildConfigurationList = A00000000000000000000703 /* Build configuration list for PBXProject "DogGo" */;
			developmentRegion = en;
			hasScannedForEncodings = 0;
			knownRegions = (en, Base,);
			mainGroup = A00000000000000000000601;
			productRefGroup = A00000000000000000000610 /* Products */;
			projectDirPath = "";
			projectRoot = "";
			targets = (A00000000000000000000401 /* DogGo */, A00000000000000000000402 /* DogGoTests */,);
		};
/* End PBXProject section */

/* Begin PBXResourcesBuildPhase section */
		A00000000000000000000901 /* Resources */ = {isa = PBXResourcesBuildPhase; buildActionMask = 2147483647; files = (A00000000000000000000107 /* Assets.xcassets in Resources */, A00000000000000000000115 /* m0-events.json in Resources */,); runOnlyForDeploymentPostprocessing = 0; };
		A00000000000000000000902 /* Resources */ = {isa = PBXResourcesBuildPhase; buildActionMask = 2147483647; files = (); runOnlyForDeploymentPostprocessing = 0; };
/* End PBXResourcesBuildPhase section */

/* Begin PBXSourcesBuildPhase section */
		A00000000000000000000801 /* Sources */ = {isa = PBXSourcesBuildPhase; buildActionMask = 2147483647; files = (A00000000000000000000101, A00000000000000000000102, A00000000000000000000103, A00000000000000000000104, A00000000000000000000105, A00000000000000000000106, A00000000000000000000109, A00000000000000000000110, A00000000000000000000111, A00000000000000000000112, A00000000000000000000113, A00000000000000000000114, A00000000000000000000117, A00000000000000000000118, A00000000000000000000119, A00000000000000000000121, A00000000000000000000122, A00000000000000000000123,); runOnlyForDeploymentPostprocessing = 0; };
		A00000000000000000000802 /* Sources */ = {isa = PBXSourcesBuildPhase; buildActionMask = 2147483647; files = (A00000000000000000000108, A00000000000000000000116, A00000000000000000000120, A00000000000000000000124,); runOnlyForDeploymentPostprocessing = 0; };
/* End PBXSourcesBuildPhase section */

/* Begin PBXTargetDependency section */
		A00000000000000000000A01 /* PBXTargetDependency */ = {isa = PBXTargetDependency; target = A00000000000000000000401 /* DogGo */; targetProxy = A00000000000000000000201 /* PBXContainerItemProxy */; };
/* End PBXTargetDependency section */

/* Begin XCBuildConfiguration section */
		A00000000000000000000B01 /* Debug */ = {isa = XCBuildConfiguration; buildSettings = {CLANG_ENABLE_MODULES = YES; ENABLE_TESTABILITY = YES; GCC_OPTIMIZATION_LEVEL = 0; SDKROOT = iphoneos; SWIFT_ACTIVE_COMPILATION_CONDITIONS = "DEBUG $(inherited)"; SWIFT_OPTIMIZATION_LEVEL = "-Onone"; }; name = Debug; };
		A00000000000000000000B02 /* Release */ = {isa = XCBuildConfiguration; buildSettings = {CLANG_ENABLE_MODULES = YES; SDKROOT = iphoneos; SWIFT_COMPILATION_MODE = wholemodule; VALIDATE_PRODUCT = YES; }; name = Release; };
		A00000000000000000000B03 /* Debug */ = {isa = XCBuildConfiguration; buildSettings = {ASSETCATALOG_COMPILER_APPICON_NAME = AppIcon; ASSETCATALOG_COMPILER_GLOBAL_ACCENT_COLOR_NAME = AccentColor; CODE_SIGN_STYLE = Automatic; CURRENT_PROJECT_VERSION = 1; DEVELOPMENT_TEAM = ""; GENERATE_INFOPLIST_FILE = YES; INFOPLIST_KEY_CFBundleDisplayName = "Dog Go"; INFOPLIST_KEY_LSApplicationCategoryType = "public.app-category.lifestyle"; INFOPLIST_KEY_UIApplicationSceneManifest_Generation = YES; INFOPLIST_KEY_UIApplicationSupportsIndirectInputEvents = YES; INFOPLIST_KEY_UILaunchScreen_Generation = YES; INFOPLIST_KEY_UISupportedInterfaceOrientations = UIInterfaceOrientationPortrait; IPHONEOS_DEPLOYMENT_TARGET = 17.0; MARKETING_VERSION = 0.1.0; PRODUCT_BUNDLE_IDENTIFIER = com.primoguo.DogGo; PRODUCT_NAME = "$(TARGET_NAME)"; SWIFT_EMIT_LOC_STRINGS = YES; SWIFT_VERSION = 6.0; TARGETED_DEVICE_FAMILY = 1; }; name = Debug; };
		A00000000000000000000B04 /* Release */ = {isa = XCBuildConfiguration; buildSettings = {ASSETCATALOG_COMPILER_APPICON_NAME = AppIcon; ASSETCATALOG_COMPILER_GLOBAL_ACCENT_COLOR_NAME = AccentColor; CODE_SIGN_STYLE = Automatic; CURRENT_PROJECT_VERSION = 1; DEVELOPMENT_TEAM = ""; GENERATE_INFOPLIST_FILE = YES; INFOPLIST_KEY_CFBundleDisplayName = "Dog Go"; INFOPLIST_KEY_LSApplicationCategoryType = "public.app-category.lifestyle"; INFOPLIST_KEY_UIApplicationSceneManifest_Generation = YES; INFOPLIST_KEY_UIApplicationSupportsIndirectInputEvents = YES; INFOPLIST_KEY_UILaunchScreen_Generation = YES; INFOPLIST_KEY_UISupportedInterfaceOrientations = UIInterfaceOrientationPortrait; IPHONEOS_DEPLOYMENT_TARGET = 17.0; MARKETING_VERSION = 0.1.0; PRODUCT_BUNDLE_IDENTIFIER = com.primoguo.DogGo; PRODUCT_NAME = "$(TARGET_NAME)"; SWIFT_EMIT_LOC_STRINGS = YES; SWIFT_VERSION = 6.0; TARGETED_DEVICE_FAMILY = 1; }; name = Release; };
		A00000000000000000000B05 /* Debug */ = {isa = XCBuildConfiguration; buildSettings = {BUNDLE_LOADER = "$(TEST_HOST)"; CODE_SIGN_STYLE = Automatic; GENERATE_INFOPLIST_FILE = YES; IPHONEOS_DEPLOYMENT_TARGET = 17.0; PRODUCT_BUNDLE_IDENTIFIER = com.primoguo.DogGoTests; PRODUCT_NAME = "$(TARGET_NAME)"; SWIFT_VERSION = 6.0; TARGETED_DEVICE_FAMILY = 1; TEST_HOST = "$(BUILT_PRODUCTS_DIR)/DogGo.app/$(BUNDLE_EXECUTABLE_FOLDER_PATH)/DogGo"; }; name = Debug; };
		A00000000000000000000B06 /* Release */ = {isa = XCBuildConfiguration; buildSettings = {BUNDLE_LOADER = "$(TEST_HOST)"; CODE_SIGN_STYLE = Automatic; GENERATE_INFOPLIST_FILE = YES; IPHONEOS_DEPLOYMENT_TARGET = 17.0; PRODUCT_BUNDLE_IDENTIFIER = com.primoguo.DogGoTests; PRODUCT_NAME = "$(TARGET_NAME)"; SWIFT_VERSION = 6.0; TARGETED_DEVICE_FAMILY = 1; TEST_HOST = "$(BUILT_PRODUCTS_DIR)/DogGo.app/$(BUNDLE_EXECUTABLE_FOLDER_PATH)/DogGo"; }; name = Release; };
/* End XCBuildConfiguration section */

/* Begin XCConfigurationList section */
		A00000000000000000000701 /* Build configuration list for PBXNativeTarget "DogGo" */ = {isa = XCConfigurationList; buildConfigurations = (A00000000000000000000B03 /* Debug */, A00000000000000000000B04 /* Release */,); defaultConfigurationIsVisible = 0; defaultConfigurationName = Release; };
		A00000000000000000000702 /* Build configuration list for PBXNativeTarget "DogGoTests" */ = {isa = XCConfigurationList; buildConfigurations = (A00000000000000000000B05 /* Debug */, A00000000000000000000B06 /* Release */,); defaultConfigurationIsVisible = 0; defaultConfigurationName = Release; };
		A00000000000000000000703 /* Build configuration list for PBXProject "DogGo" */ = {isa = XCConfigurationList; buildConfigurations = (A00000000000000000000B01 /* Debug */, A00000000000000000000B02 /* Release */,); defaultConfigurationIsVisible = 0; defaultConfigurationName = Release; };
/* End XCConfigurationList section */
	};
	rootObject = A00000000000000000000301 /* Project object */;
}
